
Microsoft Visual Studio Solution File, Format Version 12.00
# Visual Studio 15
VisualStudioVersion = 15.0.27130.2010
MinimumVisualStudioVersion = 10.0.40219.1
Project("{9A19103F-16F7-4668-BE54-9A1E7A4F7556}") = "DMS.Web", "DMS.Web\DMS.Web.csproj", "{992CC14C-2B0C-468C-B3C2-69C68DAB153D}"
EndProject
Project("{9A19103F-16F7-4668-BE54-9A1E7A4F7556}") = "DMS.Domain", "DMS.Domain\DMS.Domain.csproj", "{56FE03A5-4DAE-47F1-90F8-E76B7892DCCC}"
EndProject
Project("{9A19103F-16F7-4668-BE54-9A1E7A4F7556}") = "DMS.Infrastructure", "DMS.Infrastructure\DMS.Infrastructure.csproj", "{5CD91C3B-4B8B-4955-81E1-ABD5B7632D9E}"
EndProject
Project("{9A19103F-16F7-4668-BE54-9A1E7A4F7556}") = "DMS.Application", "DMS.Application\DMS.Application.csproj", "{7412CD9E-5E66-4947-BB5F-646916120558}"
EndProject
Project("{FAE04EC0-301F-11D3-BF4B-00C04F79EFBC}") = "DMS.Tests", "DMS.Tests\DMS.Tests.csproj", "{B0B739CA-85E2-4950-A129-4BFED0271B57}"
EndProject
Global
	GlobalSection(SolutionConfigurationPlatforms) = preSolution
		Debug|Any CPU = Debug|Any CPU
		Release|Any CPU = Release|Any CPU
	EndGlobalSection
	GlobalSection(ProjectConfigurationPlatforms) = postSolution
		{992CC14C-2B0C-468C-B3C2-69C68DAB153D}.Debug|Any CPU.ActiveCfg = Debug|Any CPU
		{992CC14C-2B0C-468C-B3C2-69C68DAB153D}.Debug|Any CPU.Build.0 = Debug|Any CPU
		{992CC14C-2B0C-468C-B3C2-69C68DAB153D}.Release|Any CPU.ActiveCfg = Release|Any CPU
		{992CC14C-2B0C-468C-B3C2-69C68DAB153D}.Release|Any CPU.Build.0 = Release|Any CPU
		{56FE03A5-4DAE-47F1-90F8-E76B7892DCCC}.Debug|Any CPU.ActiveCfg = Debug|Any CPU
		{56FE03A5-4DAE-47F1-90F8-E76B7892DCCC}.Debug|Any CPU.Build.0 = Debug|Any CPU
		{56FE03A5-4DAE-47F1-90F8-E76B7892DCCC}.Release|Any CPU.ActiveCfg = Release|Any CPU
		{56FE03A5-4DAE-47F1-90F8-E76B7892DCCC}.Release|Any CPU.Build.0 = Release|Any CPU
		{5CD91C3B-4B8B-4955-81E1-ABD5B7632D9E}.Debug|Any CPU.ActiveCfg = Debug|Any CPU
		{5CD91C3B-4B8B-4955-81E1-ABD5B7632D9E}.Debug|Any CPU.Build.0 = Debug|Any CPU
		{5CD91C3B-4B8B-4955-81E1-ABD5B7632D9E}.Release|Any CPU.ActiveCfg = Release|Any CPU
		{5CD91C3B-4B8B-4955-81E1-ABD5B7632D9E}.Release|Any CPU.Build.0 = Release|Any CPU
		{7412CD9E-5E66-4947-BB5F-646916120558}.Debug|Any CPU.ActiveCfg = Debug|Any CPU
		{7412CD9E-5E66-4947-BB5F-646916120558}.Debug|Any CPU.Build.0 = Debug|Any CPU
		{7412CD9E-5E66-4947-BB5F-646916120558}.Release|Any CPU.ActiveCfg = Release|Any CPU
		{7412CD9E-5E66-4947-BB5F-646916120558}.Release|Any CPU.Build.0 = Release|Any CPU
		{B0B739CA-85E2-4950-A129-4BFED0271B57}.Debug|Any CPU.ActiveCfg = Debug|Any CPU
		{B0B739CA-85E2-4950-A129-4BFED0271B57}.Debug|Any CPU.Build.0 = Debug|Any CPU
		{B0B739CA-85E2-4950-A129-4BFED0271B57}.Release|Any CPU.ActiveCfg = Release|Any CPU
		{B0B739CA-85E2-4950-A129-4BFED0271B57}.Release|Any CPU.Build.0 = Release|Any CPU
	EndGlobalSection
	GlobalSection(SolutionProperties) = preSolution
		HideSolutionNode = FALSE
	EndGlobalSection
	GlobalSection(ExtensibilityGlobals) = postSolution
		SolutionGuid = {B1B4973E-F070-46DE-886D-F311393BB89C}
	EndGlobalSection
EndGlobal
